// !$*UTF8*$!
{
	archiveVersion = 1;
	classes = {
	};
	objectVersion = 50;
	objects = {

/* Begin PBXBuildFile section */
		03AF72D62607323A008D9114 /* SwiftUITaskAppApp.swift in Sources */ = {isa = PBXBuildFile; fileRef = 03AF72D52607323A008D9114 /* SwiftUITaskAppApp.swift */; };
		03AF72D82607323A008D9114 /* ContentView.swift in Sources */ = {isa = PBXBuildFile; fileRef = 03AF72D72607323A008D9114 /* ContentView.swift */; };
		03AF72DA26073240008D9114 /* Assets.xcassets in Resources */ = {isa = PBXBuildFile; fileRef = 03AF72D926073240008D9114 /* Assets.xcassets */; };
		03AF72DD26073240008D9114 /* Preview Assets.xcassets in Resources */ = {isa = PBXBuildFile; fileRef = 03AF72DC26073240008D9114 /* Preview Assets.xcassets */; };
		03AF72DF26073240008D9114 /* Persistence.swift in Sources */ = {isa = PBXBuildFile; fileRef = 03AF72DE26073240008D9114 /* Persistence.swift */; };
		03AF72E226073240008D9114 /* SwiftUITaskApp.xcdatamodeld in Sources */ = {isa = PBXBuildFile; fileRef = 03AF72E026073240008D9114 /* SwiftUITaskApp.xcdatamodeld */; };
		03AF72ED26073370008D9114 /* NewTaskView.swift in Sources */ = {isa = PBXBuildFile; fileRef = 03AF72EC26073370008D9114 /* NewTaskView.swift */; };
/* End PBXBuildFile section */

/* Begin PBXFileReference section */
		03AF72D22607323A008D9114 /* SwiftUITaskApp.app */ = {isa = PBXFileReference; explicitFileType = wrapper.application; includeInIndex = 0; path = SwiftUITaskApp.app; sourceTree = BUILT_PRODUCTS_DIR; };
		03AF72D52607323A008D9114 /* SwiftUITaskAppApp.swift */ = {isa = PBXFileReference; lastKnownFileType = sourcecode.swift; path = SwiftUITaskAppApp.swift; sourceTree = "<group>"; };
		03AF72D72607323A008D9114 /* ContentView.swift */ = {isa = PBXFileReference; lastKnownFileType = sourcecode.swift; path = ContentView.swift; sourceTree = "<group>"; };
		03AF72D926073240008D9114 /* Assets.xcassets */ = {isa = PBXFileReference; lastKnownFileType = folder.assetcatalog; path = Assets.xcassets; sourceTree = "<group>"; };
		03AF72DC26073240008D9114 /* Preview Assets.xcassets */ = {isa = PBXFileReference; lastKnownFileType = folder.assetcatalog; path = "Preview Assets.xcassets"; sourceTree = "<group>"; };
		03AF72DE26073240008D9114 /* Persistence.swift */ = {isa = PBXFileReference; lastKnownFileType = sourcecode.swift; path = Persistence.swift; sourceTree = "<group>"; };
		03AF72E126073240008D9114 /* SwiftUITaskApp.xcdatamodel */ = {isa = PBXFileReference; lastKnownFileType = wrapper.xcdatamodel; path = SwiftUITaskApp.xcdatamodel; sourceTree = "<group>"; };
		03AF72E326073240008D9114 /* Info.plist */ = {isa = PBXFileReference; lastKnownFileType = text.plist.xml; path = Info.plist; sourceTree = "<group>"; };
		03AF72EC26073370008D9114 /* NewTaskView.swift */ = {isa = PBXFileReference; lastKnownFileType = sourcecode.swift; path = NewTaskView.swift; sourceTree = "<group>"; };
/* End PBXFileReference section */

/* Begin PBXFrameworksBuildPhase section */
		03AF72CF2607323A008D9114 /* Frameworks */ = {
			isa = PBXFrameworksBuildPhase;
			buildActionMask = 2147483647;
			files = (
			);
			runOnlyForDeploymentPostprocessing = 0;
		};
/* End PBXFrameworksBuildPhase section */

/* Begin PBXGroup section */
		03AF72C92607323A008D9114 = {
			isa = PBXGroup;
			children = (
				03AF72D42607323A008D9114 /* SwiftUITaskApp */,
				03AF72D32607323A008D9114 /* Products */,
			);
			sourceTree = "<group>";
		};
		03AF72D32607323A008D9114 /* Products */ = {
			isa = PBXGroup;
			children = (
				03AF72D22607323A008D9114 /* SwiftUITaskApp.app */,
			);
			name = Products;
			sourceTree = "<group>";
		};
		03AF72D42607323A008D9114 /* SwiftUITaskApp */ = {
			isa = PBXGroup;
			children = (
				03AF72D52607323A008D9114 /* SwiftUITaskAppApp.swift */,
				03AF72EA26073350008D9114 /* View */,
				03AF72D926073240008D9114 /* Assets.xcassets */,
				03AF72DE26073240008D9114 /* Persistence.swift */,
				03AF72E326073240008D9114 /* Info.plist */,
				03AF72E026073240008D9114 /* SwiftUITaskApp.xcdatamodeld */,
				03AF72DB26073240008D9114 /* Preview Content */,
			);
			path = SwiftUITaskApp;
			sourceTree = "<group>";
		};
		03AF72DB26073240008D9114 /* Preview Content */ = {
			isa = PBXGroup;
			children = (
				03AF72DC26073240008D9114 /* Preview Assets.xcassets */,
			);
			path = "Preview Content";
			sourceTree = "<group>";
		};
		03AF72EA26073350008D9114 /* View */ = {
			isa = PBXGroup;
			children = (
				03AF72D72607323A008D9114 /* ContentView.swift */,
				03AF72EC26073370008D9114 /* NewTaskView.swift */,
			);
			path = View;
			sourceTree = "<group>";
		};
/* End PBXGroup section */

/* Begin PBXNativeTarget section */
		03AF72D12607323A008D9114 /* SwiftUITaskApp */ = {
			isa = PBXNativeTarget;
			buildConfigurationList = 03AF72E626073240008D9114 /* Build configuration list for PBXNativeTarget "SwiftUITaskApp" */;
			buildPhases = (
				03AF72CE2607323A008D9114 /* Sources */,
				03AF72CF2607323A008D9114 /* Frameworks */,
				03AF72D02607323A008D9114 /* Resources */,
			);
			buildRules = (
			);
			dependencies = (
			);
			name = SwiftUITaskApp;
			productName = SwiftUITaskApp;
			productReference = 03AF72D22607323A008D9114 /* SwiftUITaskApp.app */;
			productType = "com.apple.product-type.application";
		};
/* End PBXNativeTarget section */

/* Begin PBXProject section */
		03AF72CA2607323A008D9114 /* Project object */ = {
			isa = PBXProject;
			attributes = {
				LastSwiftUpdateCheck = 1240;
				LastUpgradeCheck = 1240;
				TargetAttributes = {
					03AF72D12607323A008D9114 = {
						CreatedOnToolsVersion = 12.4;
					};
				};
			};
			buildConfigurationList = 03AF72CD2607323A008D9114 /* Build configuration list for PBXProject "SwiftUITaskApp" */;
			compatibilityVersion = "Xcode 9.3";
			developmentRegion = en;
			hasScannedForEncodings = 0;
			knownRegions = (
				en,
				Base,
			);
			mainGroup = 03AF72C92607323A008D9114;
			productRefGroup = 03AF72D32607323A008D9114 /* Products */;
			projectDirPath = "";
			projectRoot = "";
			targets = (
				03AF72D12607323A008D9114 /* SwiftUITaskApp */,
			);
		};
/* End PBXProject section */

/* Begin PBXResourcesBuildPhase section */
		03AF72D02607323A008D9114 /* Resources */ = {
			isa = PBXResourcesBuildPhase;
			buildActionMask = 2147483647;
			files = (
				03AF72DD26073240008D9114 /* Preview Assets.xcassets in Resources */,
				03AF72DA26073240008D9114 /* Assets.xcassets in Resources */,
			);
			runOnlyForDeploymentPostprocessing = 0;
		};
/* End PBXResourcesBuildPhase section */

/* Begin PBXSourcesBuildPhase section */
		03AF72CE2607323A008D9114 /* Sources */ = {
			isa = PBXSourcesBuildPhase;
			buildActionMask = 2147483647;
			files = (
				03AF72DF26073240008D9114 /* Persistence.swift in Sources */,
				03AF72ED26073370008D9114 /* NewTaskView.swift in Sources */,
				03AF72D82607323A008D9114 /* ContentView.swift in Sources */,
				03AF72E226073240008D9114 /* SwiftUITaskApp.xcdatamodeld in Sources */,
				03AF72D62607323A008D9114 /* SwiftUITaskAppApp.swift in Sources */,
			);
			runOnlyForDeploymentPostprocessing = 0;
		};
/* End PBXSourcesBuildPhase section */

/* Begin XCBuildConfiguration section */
		03AF72E426073240008D9114 /* Debug */ = {
			isa = XCBuildConfiguration;
			buildSettings = {
				ALWAYS_SEARCH_USER_PATHS = NO;
				CLANG_ANALYZER_NONNULL = YES;
				CLANG_ANALYZER_NUMBER_OBJECT_CONVERSION = YES_AGGRESSIVE;
				CLANG_CXX_LANGUAGE_STANDARD = "gnu++14";
				CLANG_CXX_LIBRARY = "libc++";
				CLANG_ENABLE_MODULES = YES;
				CLANG_ENABLE_OBJC_ARC = YES;
				CLANG_ENABLE_OBJC_WEAK = YES;
				CLANG_WARN_BLOCK_CAPTURE_AUTORELEASING = YES;
				CLANG_WARN_BOOL_CONVERSION = YES;
				CLANG_WARN_COMMA = YES;
				CLANG_WARN_CONSTANT_CONVERSION = YES;
				CLANG_WARN_DEPRECATED_OBJC_IMPLEMENTATIONS = YES;
				CLANG_WARN_DIRECT_OBJC_ISA_USAGE = YES_ERROR;
				CLANG_WARN_DOCUMENTATION_COMMENTS = YES;
				CLANG_WARN_EMPTY_BODY = YES;
				CLANG_WARN_ENUM_CONVERSION = YES;
				CLANG_WARN_INFINITE_RECURSION = YES;
				CLANG_WARN_INT_CONVERSION = YES;
				CLANG_WARN_NON_LITERAL_NULL_CONVERSION = YES;
				CLANG_WARN_OBJC_IMPLICIT_RETAIN_SELF = YES;
				CLANG_WARN_OBJC_LITERAL_CONVERSION = YES;
				CLANG_WARN_OBJC_ROOT_CLASS = YES_ERROR;
				CLANG_WARN_QUOTED_INCLUDE_IN_FRAMEWORK_HEADER = YES;
				CLANG_WARN_RANGE_LOOP_ANALYSIS = YES;
				CLANG_WARN_STRICT_PROTOTYPES = YES;
				CLANG_WARN_SUSPICIOUS_MOVE = YES;
				CLANG_WARN_UNGUARDED_AVAILABILITY = YES_AGGRESSIVE;
				CLANG_WARN_UNREACHABLE_CODE = YES;
				CLANG_WARN__DUPLICATE_METHOD_MATCH = YES;
				COPY_PHASE_STRIP = NO;
				DEBUG_INFORMATION_FORMAT = dwarf;
				ENABLE_STRICT_OBJC_MSGSEND = YES;
				ENABLE_TESTABILITY = YES;
				GCC_C_LANGUAGE_STANDARD = gnu11;
				GCC_DYNAMIC_NO_PIC = NO;
				GCC_NO_COMMON_BLOCKS = YES;
				GCC_OPTIMIZATION_LEVEL = 0;
				GCC_PREPROCESSOR_DEFINITIONS = (
					"DEBUG=1",
					"$(inherited)",
				);
				GCC_WARN_64_TO_32_BIT_CONVERSION = YES;
				GCC_WARN_ABOUT_RETURN_TYPE = YES_ERROR;
				GCC_WARN_UNDECLARED_SELECTOR = YES;
				GCC_WARN_UNINITIALIZED_AUTOS = YES_AGGRESSIVE;
				GCC_WARN_UNUSED_FUNCTION = YES;
				GCC_WARN_UNUSED_VARIABLE = YES;
				IPHONEOS_DEPLOYMENT_TARGET = 14.4;
				MTL_ENABLE_DEBUG_INFO = INCLUDE_SOURCE;
				MTL_FAST_MATH = YES;
				ONLY_ACTIVE_ARCH = YES;
				SDKROOT = iphoneos;
				SWIFT_ACTIVE_COMPILATION_CONDITIONS = DEBUG;
				SWIFT_OPTIMIZATION_LEVEL = "-Onone";
			};
			name = Debug;
		};
		03AF72E526073240008D9114 /* Release */ = {
			isa = XCBuildConfiguration;
			buildSettings = {
				ALWAYS_SEARCH_USER_PATHS = NO;
				CLANG_ANALYZER_NONNULL = YES;
				CLANG_ANALYZER_NUMBER_OBJECT_CONVERSION = YES_AGGRESSIVE;
				CLANG_CXX_LANGUAGE_STANDARD = "gnu++14";
				CLANG_CXX_LIBRARY = "libc++";
				CLANG_ENABLE_MODULES = YES;
				CLANG_ENABLE_OBJC_ARC = YES;
				CLANG_ENABLE_OBJC_WEAK = YES;
				CLANG_WARN_BLOCK_CAPTURE_AUTORELEASING = YES;
				CLANG_WARN_BOOL_CONVERSION = YES;
				CLANG_WARN_COMMA = YES;
				CLANG_WARN_CONSTANT_CONVERSION = YES;
				CLANG_WARN_DEPRECATED_OBJC_IMPLEMENTATIONS = YES;
				CLANG_WARN_DIRECT_OBJC_ISA_USAGE = YES_ERROR;
				CLANG_WARN_DOCUMENTATION_COMMENTS = YES;
				CLANG_WARN_EMPTY_BODY = YES;
				CLANG_WARN_ENUM_CONVERSION = YES;
				CLANG_WARN_INFINITE_RECURSION = YES;
				CLANG_WARN_INT_CONVERSION = YES;
				CLANG_WARN_NON_LITERAL_NULL_CONVERSION = YES;
				CLANG_WARN_OBJC_IMPLICIT_RETAIN_SELF = YES;
				CLANG_WARN_OBJC_LITERAL_CONVERSION = YES;
				CLANG_WARN_OBJC_ROOT_CLASS = YES_ERROR;
				CLANG_WARN_QUOTED_INCLUDE_IN_FRAMEWORK_HEADER = YES;
				CLANG_WARN_RANGE_LOOP_ANALYSIS = YES;
				CLANG_WARN_STRICT_PROTOTYPES = YES;
				CLANG_WARN_SUSPICIOUS_MOVE = YES;
				CLANG_WARN_UNGUARDED_AVAILABILITY = YES_AGGRESSIVE;
				CLANG_WARN_UNREACHABLE_CODE = YES;
				CLANG_WARN__DUPLICATE_METHOD_MATCH = YES;
				COPY_PHASE_STRIP = NO;
				DEBUG_INFORMATION_FORMAT = "dwarf-with-dsym";
				ENABLE_NS_ASSERTIONS = NO;
				ENABLE_STRICT_OBJC_MSGSEND = YES;
				GCC_C_LANGUAGE_STANDARD = gnu11;
				GCC_NO_COMMON_BLOCKS = YES;
				GCC_WARN_64_TO_32_BIT_CONVERSION = YES;
				GCC_WARN_ABOUT_RETURN_TYPE = YES_ERROR;
				GCC_WARN_UNDECLARED_SELECTOR = YES;
				GCC_WARN_UNINITIALIZED_AUTOS = YES_AGGRESSIVE;
				GCC_WARN_UNUSED_FUNCTION = YES;
				GCC_WARN_UNUSED_VARIABLE = YES;
				IPHONEOS_DEPLOYMENT_TARGET = 14.4;
				MTL_ENABLE_DEBUG_INFO = NO;
				MTL_FAST_MATH = YES;
				SDKROOT = iphoneos;
				SWIFT_COMPILATION_MODE = wholemodule;
				SWIFT_OPTIMIZATION_LEVEL = "-O";
				VALIDATE_PRODUCT = YES;
			};
			name = Release;
		};
		03AF72E726073240008D9114 /* Debug */ = {
			isa = XCBuildConfiguration;
			buildSettings = {
				ASSETCATALOG_COMPILER_APPICON_NAME = AppIcon;
				ASSETCATALOG_COMPILER_GLOBAL_ACCENT_COLOR_NAME = AccentColor;
				CODE_SIGN_STYLE = Automatic;
				DEVELOPMENT_ASSET_PATHS = "\"SwiftUITaskApp/Preview Content\"";
				DEVELOPMENT_TEAM = 9SJ54753D9;
				ENABLE_PREVIEWS = YES;
				INFOPLIST_FILE = SwiftUITaskApp/Info.plist;
				IPHONEOS_DEPLOYMENT_TARGET = 14.0;
				LD_RUNPATH_SEARCH_PATHS = (
					"$(inherited)",
					"@executable_path/Frameworks",
				);
				PRODUCT_BUNDLE_IDENTIFIER = co.paulfran.SwiftUITaskApp;
				PRODUCT_NAME = "$(TARGET_NAME)";
				SWIFT_VERSION = 5.0;
				TARGETED_DEVICE_FAMILY = "1,2";
			};
			name = Debug;
		};
		03AF72E826073240008D9114 /* Release */ = {
			isa = XCBuildConfiguration;
			buildSettings = {
				ASSETCATALOG_COMPILER_APPICON_NAME = AppIcon;
				ASSETCATALOG_COMPILER_GLOBAL_ACCENT_COLOR_NAME = AccentColor;
				CODE_SIGN_STYLE = Automatic;
				DEVELOPMENT_ASSET_PATHS = "\"SwiftUITaskApp/Preview Content\"";
				DEVELOPMENT_TEAM = 9SJ54753D9;
				ENABLE_PREVIEWS = YES;
				INFOPLIST_FILE = SwiftUITaskApp/Info.plist;
				IPHONEOS_DEPLOYMENT_TARGET = 14.0;
				LD_RUNPATH_SEARCH_PATHS = (
					"$(inherited)",
					"@executable_path/Frameworks",
				);
				PRODUCT_BUNDLE_IDENTIFIER = co.paulfran.SwiftUITaskApp;
				PRODUCT_NAME = "$(TARGET_NAME)";
				SWIFT_VERSION = 5.0;
				TARGETED_DEVICE_FAMILY = "1,2";
			};
			name = Release;
		};
/* End XCBuildConfiguration section */

/* Begin XCConfigurationList section */
		03AF72CD2607323A008D9114 /* Build configuration list for PBXProject "SwiftUITaskApp" */ = {
			isa = XCConfigurationList;
			buildConfigurations = (
				03AF72E426073240008D9114 /* Debug */,
				03AF72E526073240008D9114 /* Release */,
			);
			defaultConfigurationIsVisible = 0;
			defaultConfigurationName = Release;
		};
		03AF72E626073240008D9114 /* Build configuration list for PBXNativeTarget "SwiftUITaskApp" */ = {
			isa = XCConfigurationList;
			buildConfigurations = (
				03AF72E726073240008D9114 /* Debug */,
				03AF72E826073240008D9114 /* Release */,
			);
			defaultConfigurationIsVisible = 0;
			defaultConfigurationName = Release;
		};
/* End XCConfigurationList section */

/* Begin XCVersionGroup section */
		03AF72E026073240008D9114 /* SwiftUITaskApp.xcdatamodeld */ = {
			isa = XCVersionGroup;
			children = (
				03AF72E126073240008D9114 /* SwiftUITaskApp.xcdatamodel */,
			);
			currentVersion = 03AF72E126073240008D9114 /* SwiftUITaskApp.xcdatamodel */;
			path = SwiftUITaskApp.xcdatamodeld;
			sourceTree = "<group>";
			versionGroupType = wrapper.xcdatamodel;
		};
/* End XCVersionGroup section */
	};
	rootObject = 03AF72CA2607323A008D9114 /* Project object */;
}
